
Microsoft Visual Studio Solution File, Format Version 12.00
# Visual Studio Version 17
VisualStudioVersion = 17.3.32922.545
MinimumVisualStudioVersion = 10.0.40219.1
Project("{9A19103F-16F7-4668-BE54-9A1E7A4F7556}") = "FantasyHelper.Client", "FantasyHelper.Client\FantasyHelper.Client.csproj", "{B225FE2A-9E0A-4DC1-AC1A-EB23E3D2FA25}"
EndProject
Project("{FAE04EC0-301F-11D3-BF4B-00C04F79EFBC}") = "FantasyHelper.Shared", "FantasyHelper.Shared\FantasyHelper.Shared.csproj", "{C5E89A24-EB1D-42DA-B0E8-2C758C142850}"
EndProject
Project("{FAE04EC0-301F-11D3-BF4B-00C04F79EFBC}") = "FantasyHelper.API", "FantasyHelper.API\FantasyHelper.API.csproj", "{78804C75-0502-4D67-86CC-A84D1543E450}"
EndProject
Global
	GlobalSection(SolutionConfigurationPlatforms) = preSolution
		Debug|Any CPU = Debug|Any CPU
		Release|Any CPU = Release|Any CPU
	EndGlobalSection
	GlobalSection(ProjectConfigurationPlatforms) = postSolution
		{B225FE2A-9E0A-4DC1-AC1A-EB23E3D2FA25}.Debug|Any CPU.ActiveCfg = Debug|Any CPU
		{B225FE2A-9E0A-4DC1-AC1A-EB23E3D2FA25}.Debug|Any CPU.Build.0 = Debug|Any CPU
		{B225FE2A-9E0A-4DC1-AC1A-EB23E3D2FA25}.Release|Any CPU.ActiveCfg = Release|Any CPU
		{B225FE2A-9E0A-4DC1-AC1A-EB23E3D2FA25}.Release|Any CPU.Build.0 = Release|Any CPU
		{C5E89A24-EB1D-42DA-B0E8-2C758C142850}.Debug|Any CPU.ActiveCfg = Debug|Any CPU
		{C5E89A24-EB1D-42DA-B0E8-2C758C142850}.Debug|Any CPU.Build.0 = Debug|Any CPU
		{C5E89A24-EB1D-42DA-B0E8-2C758C142850}.Release|Any CPU.ActiveCfg = Release|Any CPU
		{C5E89A24-EB1D-42DA-B0E8-2C758C142850}.Release|Any CPU.Build.0 = Release|Any CPU
		{78804C75-0502-4D67-86CC-A84D1543E450}.Debug|Any CPU.ActiveCfg = Debug|Any CPU
		{78804C75-0502-4D67-86CC-A84D1543E450}.Debug|Any CPU.Build.0 = Debug|Any CPU
		{78804C75-0502-4D67-86CC-A84D1543E450}.Release|Any CPU.ActiveCfg = Release|Any CPU
		{78804C75-0502-4D67-86CC-A84D1543E450}.Release|Any CPU.Build.0 = Release|Any CPU
	EndGlobalSection
	GlobalSection(SolutionProperties) = preSolution
		HideSolutionNode = FALSE
	EndGlobalSection
	GlobalSection(ExtensibilityGlobals) = postSolution
		SolutionGuid = {9BACD68F-1E9A-4F3D-8138-F7CB354169DE}
	EndGlobalSection
EndGlobal
